<Solution>
  <Folder Name="/src/">
    <Project Path="src/LewdHandbook/LewdHandbook.csproj" />
    <Project Path="src/GoblinPonyriders/GoblinPonyriders.csproj" />
  </Folder>
  <Folder Name="/tests/">
    <Project Path="tests/LewdHandbook.Tests/LewdHandbook.Tests.csproj" />
    <Project Path="tests/GoblinPonyriders.Tests/GoblinPonyriders.Tests.csproj" />
  </Folder>
</Solution>
